
Microsoft Visual Studio Solution File, Format Version 12.00
# Visual Studio Version 17
VisualStudioVersion = 17.3.32804.467
MinimumVisualStudioVersion = 10.0.40219.1
Project("{FAE04EC0-301F-11D3-BF4B-00C04F79EFBC}") = "Lesson8", "Lesson8\Lesson8.csproj", "{63045BC9-BE94-442F-95AA-914B7B0DF31E}"
EndProject
Global
	GlobalSection(SolutionConfigurationPlatforms) = preSolution
		Debug|Any CPU = Debug|Any CPU
		Release|Any CPU = Release|Any CPU
	EndGlobalSection
	GlobalSection(ProjectConfigurationPlatforms) = postSolution
		{63045BC9-BE94-442F-95AA-914B7B0DF31E}.Debug|Any CPU.ActiveCfg = Debug|Any CPU
		{63045BC9-BE94-442F-95AA-914B7B0DF31E}.Debug|Any CPU.Build.0 = Debug|Any CPU
		{63045BC9-BE94-442F-95AA-914B7B0DF31E}.Release|Any CPU.ActiveCfg = Release|Any CPU
		{63045BC9-BE94-442F-95AA-914B7B0DF31E}.Release|Any CPU.Build.0 = Release|Any CPU
	EndGlobalSection
	GlobalSection(SolutionProperties) = preSolution
		HideSolutionNode = FALSE
	EndGlobalSection
	GlobalSection(ExtensibilityGlobals) = postSolution
		SolutionGuid = {F2300BC0-CEEF-408A-A631-31A88DE5249A}
	EndGlobalSection
EndGlobal
